
Microsoft Visual Studio Solution File, Format Version 12.00
# Visual Studio Version 17
VisualStudioVersion = 17.3.32825.248
MinimumVisualStudioVersion = 10.0.40219.1
Project("{FAE04EC0-301F-11D3-BF4B-00C04F79EFBC}") = "Game", "Game\Game.csproj", "{F494200B-C240-424F-B177-B4695AF7FE49}"
	ProjectSection(ProjectDependencies) = postProject
		{0CB98408-0B96-4DB0-AEBB-0E9EF78C7562} = {0CB98408-0B96-4DB0-AEBB-0E9EF78C7562}
	EndProjectSection
EndProject
Project("{FAE04EC0-301F-11D3-BF4B-00C04F79EFBC}") = "Core", "Core\Core.csproj", "{0CB98408-0B96-4DB0-AEBB-0E9EF78C7562}"
EndProject
Project("{FAE04EC0-301F-11D3-BF4B-00C04F79EFBC}") = "Dummy", "Dummy\Dummy.csproj", "{AFE3D655-3019-437E-9C85-201ADD478109}"
EndProject
Global
	GlobalSection(SolutionConfigurationPlatforms) = preSolution
		Debug|Any CPU = Debug|Any CPU
		Release|Any CPU = Release|Any CPU
	EndGlobalSection
	GlobalSection(ProjectConfigurationPlatforms) = postSolution
		{F494200B-C240-424F-B177-B4695AF7FE49}.Debug|Any CPU.ActiveCfg = Debug|Any CPU
		{F494200B-C240-424F-B177-B4695AF7FE49}.Debug|Any CPU.Build.0 = Debug|Any CPU
		{F494200B-C240-424F-B177-B4695AF7FE49}.Release|Any CPU.ActiveCfg = Release|Any CPU
		{F494200B-C240-424F-B177-B4695AF7FE49}.Release|Any CPU.Build.0 = Release|Any CPU
		{0CB98408-0B96-4DB0-AEBB-0E9EF78C7562}.Debug|Any CPU.ActiveCfg = Debug|Any CPU
		{0CB98408-0B96-4DB0-AEBB-0E9EF78C7562}.Debug|Any CPU.Build.0 = Debug|Any CPU
		{0CB98408-0B96-4DB0-AEBB-0E9EF78C7562}.Release|Any CPU.ActiveCfg = Release|Any CPU
		{0CB98408-0B96-4DB0-AEBB-0E9EF78C7562}.Release|Any CPU.Build.0 = Release|Any CPU
		{AFE3D655-3019-437E-9C85-201ADD478109}.Debug|Any CPU.ActiveCfg = Debug|Any CPU
		{AFE3D655-3019-437E-9C85-201ADD478109}.Debug|Any CPU.Build.0 = Debug|Any CPU
		{AFE3D655-3019-437E-9C85-201ADD478109}.Release|Any CPU.ActiveCfg = Release|Any CPU
		{AFE3D655-3019-437E-9C85-201ADD478109}.Release|Any CPU.Build.0 = Release|Any CPU
	EndGlobalSection
	GlobalSection(SolutionProperties) = preSolution
		HideSolutionNode = FALSE
	EndGlobalSection
	GlobalSection(ExtensibilityGlobals) = postSolution
		SolutionGuid = {D7910D16-4EFB-4C01-9692-17754FE78794}
	EndGlobalSection
EndGlobal
